// !$*UTF8*$!
{
	archiveVersion = 1;
	classes = {
	};
	objectVersion = 46;
	objects = {

/* Begin PBXBuildFile section */
		541EA8FE19402FA200CE6114 /* BIGRopeLogTableViewController.m in Sources */ = {isa = PBXBuildFile; fileRef = 541EA8FD19402FA200CE6114 /* BIGRopeLogTableViewController.m */; };
		541EA9011945135700CE6114 /* BIGNewLogViewController.m in Sources */ = {isa = PBXBuildFile; fileRef = 541EA9001945135700CE6114 /* BIGNewLogViewController.m */; };
		545ECCED1960BF3C003288BC /* BIGLogDetailViewController.m in Sources */ = {isa = PBXBuildFile; fileRef = 545ECCEC1960BF3C003288BC /* BIGLogDetailViewController.m */; };
		545F527E19CE577300CADDCA /* Icon-60.png in Resources */ = {isa = PBXBuildFile; fileRef = 545F526C19CE577300CADDCA /* Icon-60.png */; };
		545F527F19CE577300CADDCA /* Icon-60@2x.png in Resources */ = {isa = PBXBuildFile; fileRef = 545F526D19CE577300CADDCA /* Icon-60@2x.png */; };
		545F528019CE577300CADDCA /* Icon-60@3x.png in Resources */ = {isa = PBXBuildFile; fileRef = 545F526E19CE577300CADDCA /* Icon-60@3x.png */; };
		545F528119CE577300CADDCA /* Icon-72.png in Resources */ = {isa = PBXBuildFile; fileRef = 545F526F19CE577300CADDCA /* Icon-72.png */; };
		545F528219CE577300CADDCA /* Icon-72@2x.png in Resources */ = {isa = PBXBuildFile; fileRef = 545F527019CE577300CADDCA /* Icon-72@2x.png */; };
		545F528319CE577300CADDCA /* Icon-76.png in Resources */ = {isa = PBXBuildFile; fileRef = 545F527119CE577300CADDCA /* Icon-76.png */; };
		545F528419CE577300CADDCA /* Icon-76@2x.png in Resources */ = {isa = PBXBuildFile; fileRef = 545F527219CE577300CADDCA /* Icon-76@2x.png */; };
		545F528519CE577300CADDCA /* Icon-Small-40.png in Resources */ = {isa = PBXBuildFile; fileRef = 545F527319CE577300CADDCA /* Icon-Small-40.png */; };
		545F528619CE577300CADDCA /* Icon-Small-40@2x.png in Resources */ = {isa = PBXBuildFile; fileRef = 545F527419CE577300CADDCA /* Icon-Small-40@2x.png */; };
		545F528719CE577300CADDCA /* Icon-Small-40@3x.png in Resources */ = {isa = PBXBuildFile; fileRef = 545F527519CE577300CADDCA /* Icon-Small-40@3x.png */; };
		545F528819CE577300CADDCA /* Icon-Small-50.png in Resources */ = {isa = PBXBuildFile; fileRef = 545F527619CE577300CADDCA /* Icon-Small-50.png */; };
		545F528919CE577300CADDCA /* Icon-Small-50@2x.png in Resources */ = {isa = PBXBuildFile; fileRef = 545F527719CE577300CADDCA /* Icon-Small-50@2x.png */; };
		545F528A19CE577300CADDCA /* Icon-Small.png in Resources */ = {isa = PBXBuildFile; fileRef = 545F527819CE577300CADDCA /* Icon-Small.png */; };
		545F528B19CE577300CADDCA /* Icon-Small@2x.png in Resources */ = {isa = PBXBuildFile; fileRef = 545F527919CE577300CADDCA /* Icon-Small@2x.png */; };
		545F528C19CE577300CADDCA /* Icon-Small@3x.png in Resources */ = {isa = PBXBuildFile; fileRef = 545F527A19CE577300CADDCA /* Icon-Small@3x.png */; };
		545F528D19CE577300CADDCA /* Icon.png in Resources */ = {isa = PBXBuildFile; fileRef = 545F527B19CE577300CADDCA /* Icon.png */; };
		545F528E19CE577300CADDCA /* Icon@2x.png in Resources */ = {isa = PBXBuildFile; fileRef = 545F527C19CE577300CADDCA /* Icon@2x.png */; };
		545F528F19CE577300CADDCA /* iTunesArtwork@2x.png in Resources */ = {isa = PBXBuildFile; fileRef = 545F527D19CE577300CADDCA /* iTunesArtwork@2x.png */; };
		545F529119CE57A300CADDCA /* Images-2.xcassets in Resources */ = {isa = PBXBuildFile; fileRef = 545F529019CE57A300CADDCA /* Images-2.xcassets */; };
		549BDA0519624EF900C7A685 /* BIGNavigationController.m in Sources */ = {isa = PBXBuildFile; fileRef = 549BDA0419624EF900C7A685 /* BIGNavigationController.m */; };
		549BDA0B1963995600C7A685 /* BIGLogCell.m in Sources */ = {isa = PBXBuildFile; fileRef = 549BDA0A1963995600C7A685 /* BIGLogCell.m */; };
		54D67FFB19380F7500F13D15 /* Foundation.framework in Frameworks */ = {isa = PBXBuildFile; fileRef = 54D67FFA19380F7500F13D15 /* Foundation.framework */; };
		54D67FFD19380F7500F13D15 /* CoreGraphics.framework in Frameworks */ = {isa = PBXBuildFile; fileRef = 54D67FFC19380F7500F13D15 /* CoreGraphics.framework */; };
		54D67FFF19380F7500F13D15 /* UIKit.framework in Frameworks */ = {isa = PBXBuildFile; fileRef = 54D67FFE19380F7500F13D15 /* UIKit.framework */; };
		54D6800119380F7500F13D15 /* CoreData.framework in Frameworks */ = {isa = PBXBuildFile; fileRef = 54D6800019380F7500F13D15 /* CoreData.framework */; };
		54D6800719380F7500F13D15 /* InfoPlist.strings in Resources */ = {isa = PBXBuildFile; fileRef = 54D6800519380F7500F13D15 /* InfoPlist.strings */; };
		54D6800919380F7500F13D15 /* main.m in Sources */ = {isa = PBXBuildFile; fileRef = 54D6800819380F7500F13D15 /* main.m */; };
		54D6800D19380F7500F13D15 /* BIGAppDelegate.m in Sources */ = {isa = PBXBuildFile; fileRef = 54D6800C19380F7500F13D15 /* BIGAppDelegate.m */; };
		54D6801019380F7500F13D15 /* Rope_Log.xcdatamodeld in Sources */ = {isa = PBXBuildFile; fileRef = 54D6800E19380F7500F13D15 /* Rope_Log.xcdatamodeld */; };
		54D6801919380F7500F13D15 /* XCTest.framework in Frameworks */ = {isa = PBXBuildFile; fileRef = 54D6801819380F7500F13D15 /* XCTest.framework */; };
		54D6801A19380F7500F13D15 /* Foundation.framework in Frameworks */ = {isa = PBXBuildFile; fileRef = 54D67FFA19380F7500F13D15 /* Foundation.framework */; };
		54D6801B19380F7500F13D15 /* UIKit.framework in Frameworks */ = {isa = PBXBuildFile; fileRef = 54D67FFE19380F7500F13D15 /* UIKit.framework */; };
		54D6801C19380F7500F13D15 /* CoreData.framework in Frameworks */ = {isa = PBXBuildFile; fileRef = 54D6800019380F7500F13D15 /* CoreData.framework */; };
		54D6802419380F7500F13D15 /* InfoPlist.strings in Resources */ = {isa = PBXBuildFile; fileRef = 54D6802219380F7500F13D15 /* InfoPlist.strings */; };
		54D6802619380F7500F13D15 /* Rope_LogTests.m in Sources */ = {isa = PBXBuildFile; fileRef = 54D6802519380F7500F13D15 /* Rope_LogTests.m */; };
		54D680311938101800F13D15 /* BIGCoreDataStack.m in Sources */ = {isa = PBXBuildFile; fileRef = 54D680301938101800F13D15 /* BIGCoreDataStack.m */; };
		54D680341938172E00F13D15 /* BIGRopeList.m in Sources */ = {isa = PBXBuildFile; fileRef = 54D680331938172E00F13D15 /* BIGRopeList.m */; };
		54D680371938172F00F13D15 /* BIGRopeLog.m in Sources */ = {isa = PBXBuildFile; fileRef = 54D680361938172F00F13D15 /* BIGRopeLog.m */; };
		54D680391938226B00F13D15 /* MainStoryboard.storyboard in Resources */ = {isa = PBXBuildFile; fileRef = 54D680381938226B00F13D15 /* MainStoryboard.storyboard */; };
		54D6803C193823CE00F13D15 /* BIGNewRopeViewController.m in Sources */ = {isa = PBXBuildFile; fileRef = 54D6803B193823CE00F13D15 /* BIGNewRopeViewController.m */; };
		54D6803F19382E1600F13D15 /* BIGRopeListTableViewController.m in Sources */ = {isa = PBXBuildFile; fileRef = 54D6803E19382E1600F13D15 /* BIGRopeListTableViewController.m */; };
/* End PBXBuildFile section */

/* Begin PBXContainerItemProxy section */
		54D6801D19380F7500F13D15 /* PBXContainerItemProxy */ = {
			isa = PBXContainerItemProxy;
			containerPortal = 54D67FEF19380F7500F13D15 /* Project object */;
			proxyType = 1;
			remoteGlobalIDString = 54D67FF619380F7500F13D15;
			remoteInfo = "Rope Log";
		};
/* End PBXContainerItemProxy section */

/* Begin PBXFileReference section */
		541EA8FC19402FA200CE6114 /* BIGRopeLogTableViewController.h */ = {isa = PBXFileReference; fileEncoding = 4; lastKnownFileType = sourcecode.c.h; path = BIGRopeLogTableViewController.h; sourceTree = "<group>"; };
		541EA8FD19402FA200CE6114 /* BIGRopeLogTableViewController.m */ = {isa = PBXFileReference; fileEncoding = 4; lastKnownFileType = sourcecode.c.objc; path = BIGRopeLogTableViewController.m; sourceTree = "<group>"; };
		541EA8FF1945135700CE6114 /* BIGNewLogViewController.h */ = {isa = PBXFileReference; fileEncoding = 4; lastKnownFileType = sourcecode.c.h; path = BIGNewLogViewController.h; sourceTree = "<group>"; };
		541EA9001945135700CE6114 /* BIGNewLogViewController.m */ = {isa = PBXFileReference; fileEncoding = 4; lastKnownFileType = sourcecode.c.objc; path = BIGNewLogViewController.m; sourceTree = "<group>"; };
		545ECCEB1960BF3C003288BC /* BIGLogDetailViewController.h */ = {isa = PBXFileReference; fileEncoding = 4; lastKnownFileType = sourcecode.c.h; path = BIGLogDetailViewController.h; sourceTree = "<group>"; };
		545ECCEC1960BF3C003288BC /* BIGLogDetailViewController.m */ = {isa = PBXFileReference; fileEncoding = 4; lastKnownFileType = sourcecode.c.objc; path = BIGLogDetailViewController.m; sourceTree = "<group>"; };
		545F526C19CE577300CADDCA /* Icon-60.png */ = {isa = PBXFileReference; lastKnownFileType = image.png; path = "Icon-60.png"; sourceTree = "<group>"; };
		545F526D19CE577300CADDCA /* Icon-60@2x.png */ = {isa = PBXFileReference; lastKnownFileType = image.png; path = "Icon-60@2x.png"; sourceTree = "<group>"; };
		545F526E19CE577300CADDCA /* Icon-60@3x.png */ = {isa = PBXFileReference; lastKnownFileType = image.png; path = "Icon-60@3x.png"; sourceTree = "<group>"; };
		545F526F19CE577300CADDCA /* Icon-72.png */ = {isa = PBXFileReference; lastKnownFileType = image.png; path = "Icon-72.png"; sourceTree = "<group>"; };
		545F527019CE577300CADDCA /* Icon-72@2x.png */ = {isa = PBXFileReference; lastKnownFileType = image.png; path = "Icon-72@2x.png"; sourceTree = "<group>"; };
		545F527119CE577300CADDCA /* Icon-76.png */ = {isa = PBXFileReference; lastKnownFileType = image.png; path = "Icon-76.png"; sourceTree = "<group>"; };
		545F527219CE577300CADDCA /* Icon-76@2x.png */ = {isa = PBXFileReference; lastKnownFileType = image.png; path = "Icon-76@2x.png"; sourceTree = "<group>"; };
		545F527319CE577300CADDCA /* Icon-Small-40.png */ = {isa = PBXFileReference; lastKnownFileType = image.png; path = "Icon-Small-40.png"; sourceTree = "<group>"; };
		545F527419CE577300CADDCA /* Icon-Small-40@2x.png */ = {isa = PBXFileReference; lastKnownFileType = image.png; path = "Icon-Small-40@2x.png"; sourceTree = "<group>"; };
		545F527519CE577300CADDCA /* Icon-Small-40@3x.png */ = {isa = PBXFileReference; lastKnownFileType = image.png; path = "Icon-Small-40@3x.png"; sourceTree = "<group>"; };
		545F527619CE577300CADDCA /* Icon-Small-50.png */ = {isa = PBXFileReference; lastKnownFileType = image.png; path = "Icon-Small-50.png"; sourceTree = "<group>"; };
		545F527719CE577300CADDCA /* Icon-Small-50@2x.png */ = {isa = PBXFileReference; lastKnownFileType = image.png; path = "Icon-Small-50@2x.png"; sourceTree = "<group>"; };
		545F527819CE577300CADDCA /* Icon-Small.png */ = {isa = PBXFileReference; lastKnownFileType = image.png; path = "Icon-Small.png"; sourceTree = "<group>"; };
		545F527919CE577300CADDCA /* Icon-Small@2x.png */ = {isa = PBXFileReference; lastKnownFileType = image.png; path = "Icon-Small@2x.png"; sourceTree = "<group>"; };
		545F527A19CE577300CADDCA /* Icon-Small@3x.png */ = {isa = PBXFileReference; lastKnownFileType = image.png; path = "Icon-Small@3x.png"; sourceTree = "<group>"; };
		545F527B19CE577300CADDCA /* Icon.png */ = {isa = PBXFileReference; lastKnownFileType = image.png; path = Icon.png; sourceTree = "<group>"; };
		545F527C19CE577300CADDCA /* Icon@2x.png */ = {isa = PBXFileReference; lastKnownFileType = image.png; path = "Icon@2x.png"; sourceTree = "<group>"; };
		545F527D19CE577300CADDCA /* iTunesArtwork@2x.png */ = {isa = PBXFileReference; lastKnownFileType = image.png; path = "iTunesArtwork@2x.png"; sourceTree = "<group>"; };
		545F529019CE57A300CADDCA /* Images-2.xcassets */ = {isa = PBXFileReference; lastKnownFileType = folder.assetcatalog; path = "Images-2.xcassets"; sourceTree = "<group>"; };
		549BDA0319624EF900C7A685 /* BIGNavigationController.h */ = {isa = PBXFileReference; fileEncoding = 4; lastKnownFileType = sourcecode.c.h; path = BIGNavigationController.h; sourceTree = "<group>"; };
		549BDA0419624EF900C7A685 /* BIGNavigationController.m */ = {isa = PBXFileReference; fileEncoding = 4; lastKnownFileType = sourcecode.c.objc; path = BIGNavigationController.m; sourceTree = "<group>"; };
		549BDA091963995600C7A685 /* BIGLogCell.h */ = {isa = PBXFileReference; fileEncoding = 4; lastKnownFileType = sourcecode.c.h; path = BIGLogCell.h; sourceTree = "<group>"; };
		549BDA0A1963995600C7A685 /* BIGLogCell.m */ = {isa = PBXFileReference; fileEncoding = 4; lastKnownFileType = sourcecode.c.objc; path = BIGLogCell.m; sourceTree = "<group>"; };
		54D67FF719380F7500F13D15 /* Rope Log.app */ = {isa = PBXFileReference; explicitFileType = wrapper.application; includeInIndex = 0; path = "Rope Log.app"; sourceTree = BUILT_PRODUCTS_DIR; };
		54D67FFA19380F7500F13D15 /* Foundation.framework */ = {isa = PBXFileReference; lastKnownFileType = wrapper.framework; name = Foundation.framework; path = System/Library/Frameworks/Foundation.framework; sourceTree = SDKROOT; };
		54D67FFC19380F7500F13D15 /* CoreGraphics.framework */ = {isa = PBXFileReference; lastKnownFileType = wrapper.framework; name = CoreGraphics.framework; path = System/Library/Frameworks/CoreGraphics.framework; sourceTree = SDKROOT; };
		54D67FFE19380F7500F13D15 /* UIKit.framework */ = {isa = PBXFileReference; lastKnownFileType = wrapper.framework; name = UIKit.framework; path = System/Library/Frameworks/UIKit.framework; sourceTree = SDKROOT; };
		54D6800019380F7500F13D15 /* CoreData.framework */ = {isa = PBXFileReference; lastKnownFileType = wrapper.framework; name = CoreData.framework; path = System/Library/Frameworks/CoreData.framework; sourceTree = SDKROOT; };
		54D6800419380F7500F13D15 /* Rope Log-Info.plist */ = {isa = PBXFileReference; lastKnownFileType = text.plist.xml; path = "Rope Log-Info.plist"; sourceTree = "<group>"; };
		54D6800619380F7500F13D15 /* en */ = {isa = PBXFileReference; lastKnownFileType = text.plist.strings; name = en; path = en.lproj/InfoPlist.strings; sourceTree = "<group>"; };
		54D6800819380F7500F13D15 /* main.m */ = {isa = PBXFileReference; lastKnownFileType = sourcecode.c.objc; path = main.m; sourceTree = "<group>"; };
		54D6800A19380F7500F13D15 /* Rope Log-Prefix.pch */ = {isa = PBXFileReference; lastKnownFileType = sourcecode.c.h; path = "Rope Log-Prefix.pch"; sourceTree = "<group>"; };
		54D6800B19380F7500F13D15 /* BIGAppDelegate.h */ = {isa = PBXFileReference; lastKnownFileType = sourcecode.c.h; path = BIGAppDelegate.h; sourceTree = "<group>"; };
		54D6800C19380F7500F13D15 /* BIGAppDelegate.m */ = {isa = PBXFileReference; lastKnownFileType = sourcecode.c.objc; path = BIGAppDelegate.m; sourceTree = "<group>"; };
		54D6800F19380F7500F13D15 /* Rope_Log.xcdatamodel */ = {isa = PBXFileReference; lastKnownFileType = wrapper.xcdatamodel; path = Rope_Log.xcdatamodel; sourceTree = "<group>"; };
		54D6801719380F7500F13D15 /* Rope LogTests.xctest */ = {isa = PBXFileReference; explicitFileType = wrapper.cfbundle; includeInIndex = 0; path = "Rope LogTests.xctest"; sourceTree = BUILT_PRODUCTS_DIR; };
		54D6801819380F7500F13D15 /* XCTest.framework */ = {isa = PBXFileReference; lastKnownFileType = wrapper.framework; name = XCTest.framework; path = Library/Frameworks/XCTest.framework; sourceTree = DEVELOPER_DIR; };
		54D6802119380F7500F13D15 /* Rope LogTests-Info.plist */ = {isa = PBXFileReference; lastKnownFileType = text.plist.xml; path = "Rope LogTests-Info.plist"; sourceTree = "<group>"; };
		54D6802319380F7500F13D15 /* en */ = {isa = PBXFileReference; lastKnownFileType = text.plist.strings; name = en; path = en.lproj/InfoPlist.strings; sourceTree = "<group>"; };
		54D6802519380F7500F13D15 /* Rope_LogTests.m */ = {isa = PBXFileReference; lastKnownFileType = sourcecode.c.objc; path = Rope_LogTests.m; sourceTree = "<group>"; };
		54D6802F1938101800F13D15 /* BIGCoreDataStack.h */ = {isa = PBXFileReference; fileEncoding = 4; lastKnownFileType = sourcecode.c.h; path = BIGCoreDataStack.h; sourceTree = "<group>"; };
		54D680301938101800F13D15 /* BIGCoreDataStack.m */ = {isa = PBXFileReference; fileEncoding = 4; lastKnownFileType = sourcecode.c.objc; path = BIGCoreDataStack.m; sourceTree = "<group>"; };
		54D680321938172E00F13D15 /* BIGRopeList.h */ = {isa = PBXFileReference; fileEncoding = 4; lastKnownFileType = sourcecode.c.h; path = BIGRopeList.h; sourceTree = "<group>"; };
		54D680331938172E00F13D15 /* BIGRopeList.m */ = {isa = PBXFileReference; fileEncoding = 4; lastKnownFileType = sourcecode.c.objc; path = BIGRopeList.m; sourceTree = "<group>"; };
		54D680351938172F00F13D15 /* BIGRopeLog.h */ = {isa = PBXFileReference; fileEncoding = 4; lastKnownFileType = sourcecode.c.h; path = BIGRopeLog.h; sourceTree = "<group>"; };
		54D680361938172F00F13D15 /* BIGRopeLog.m */ = {isa = PBXFileReference; fileEncoding = 4; lastKnownFileType = sourcecode.c.objc; path = BIGRopeLog.m; sourceTree = "<group>"; };
		54D680381938226B00F13D15 /* MainStoryboard.storyboard */ = {isa = PBXFileReference; fileEncoding = 4; lastKnownFileType = file.storyboard; path = MainStoryboard.storyboard; sourceTree = "<group>"; };
		54D6803A193823CE00F13D15 /* BIGNewRopeViewController.h */ = {isa = PBXFileReference; fileEncoding = 4; lastKnownFileType = sourcecode.c.h; path = BIGNewRopeViewController.h; sourceTree = "<group>"; };
		54D6803B193823CE00F13D15 /* BIGNewRopeViewController.m */ = {isa = PBXFileReference; fileEncoding = 4; lastKnownFileType = sourcecode.c.objc; path = BIGNewRopeViewController.m; sourceTree = "<group>"; };
		54D6803D19382E1600F13D15 /* BIGRopeListTableViewController.h */ = {isa = PBXFileReference; fileEncoding = 4; lastKnownFileType = sourcecode.c.h; path = BIGRopeListTableViewController.h; sourceTree = "<group>"; };
		54D6803E19382E1600F13D15 /* BIGRopeListTableViewController.m */ = {isa = PBXFileReference; fileEncoding = 4; lastKnownFileType = sourcecode.c.objc; path = BIGRopeListTableViewController.m; sourceTree = "<group>"; };
		77F4B037198EE20B00D3FA9B /* Rope_Log 2.xcdatamodel */ = {isa = PBXFileReference; lastKnownFileType = wrapper.xcdatamodel; path = "Rope_Log 2.xcdatamodel"; sourceTree = "<group>"; };
/* End PBXFileReference section */

/* Begin PBXFrameworksBuildPhase section */
		54D67FF419380F7500F13D15 /* Frameworks */ = {
			isa = PBXFrameworksBuildPhase;
			buildActionMask = 2147483647;
			files = (
				54D67FFD19380F7500F13D15 /* CoreGraphics.framework in Frameworks */,
				54D6800119380F7500F13D15 /* CoreData.framework in Frameworks */,
				54D67FFF19380F7500F13D15 /* UIKit.framework in Frameworks */,
				54D67FFB19380F7500F13D15 /* Foundation.framework in Frameworks */,
			);
			runOnlyForDeploymentPostprocessing = 0;
		};
		54D6801419380F7500F13D15 /* Frameworks */ = {
			isa = PBXFrameworksBuildPhase;
			buildActionMask = 2147483647;
			files = (
				54D6801919380F7500F13D15 /* XCTest.framework in Frameworks */,
				54D6801C19380F7500F13D15 /* CoreData.framework in Frameworks */,
				54D6801B19380F7500F13D15 /* UIKit.framework in Frameworks */,
				54D6801A19380F7500F13D15 /* Foundation.framework in Frameworks */,
			);
			runOnlyForDeploymentPostprocessing = 0;
		};
/* End PBXFrameworksBuildPhase section */

/* Begin PBXGroup section */
		545F524519CE55F900CADDCA /* Images */ = {
			isa = PBXGroup;
			children = (
				545F526C19CE577300CADDCA /* Icon-60.png */,
				545F526D19CE577300CADDCA /* Icon-60@2x.png */,
				545F526E19CE577300CADDCA /* Icon-60@3x.png */,
				545F526F19CE577300CADDCA /* Icon-72.png */,
				545F527019CE577300CADDCA /* Icon-72@2x.png */,
				545F527119CE577300CADDCA /* Icon-76.png */,
				545F527219CE577300CADDCA /* Icon-76@2x.png */,
				545F527319CE577300CADDCA /* Icon-Small-40.png */,
				545F527419CE577300CADDCA /* Icon-Small-40@2x.png */,
				545F527519CE577300CADDCA /* Icon-Small-40@3x.png */,
				545F527619CE577300CADDCA /* Icon-Small-50.png */,
				545F527719CE577300CADDCA /* Icon-Small-50@2x.png */,
				545F527819CE577300CADDCA /* Icon-Small.png */,
				545F527919CE577300CADDCA /* Icon-Small@2x.png */,
				545F527A19CE577300CADDCA /* Icon-Small@3x.png */,
				545F527B19CE577300CADDCA /* Icon.png */,
				545F527C19CE577300CADDCA /* Icon@2x.png */,
				545F527D19CE577300CADDCA /* iTunesArtwork@2x.png */,
			);
			name = Images;
			sourceTree = "<group>";
		};
		54D67FEE19380F7500F13D15 = {
			isa = PBXGroup;
			children = (
				54D6800219380F7500F13D15 /* Rope Log */,
				54D6801F19380F7500F13D15 /* Rope LogTests */,
				54D67FF919380F7500F13D15 /* Frameworks */,
				54D67FF819380F7500F13D15 /* Products */,
			);
			sourceTree = "<group>";
		};
		54D67FF819380F7500F13D15 /* Products */ = {
			isa = PBXGroup;
			children = (
				54D67FF719380F7500F13D15 /* Rope Log.app */,
				54D6801719380F7500F13D15 /* Rope LogTests.xctest */,
			);
			name = Products;
			sourceTree = "<group>";
		};
		54D67FF919380F7500F13D15 /* Frameworks */ = {
			isa = PBXGroup;
			children = (
				54D67FFA19380F7500F13D15 /* Foundation.framework */,
				54D67FFC19380F7500F13D15 /* CoreGraphics.framework */,
				54D67FFE19380F7500F13D15 /* UIKit.framework */,
				54D6800019380F7500F13D15 /* CoreData.framework */,
				54D6801819380F7500F13D15 /* XCTest.framework */,
			);
			name = Frameworks;
			sourceTree = "<group>";
		};
		54D6800219380F7500F13D15 /* Rope Log */ = {
			isa = PBXGroup;
			children = (
				54D6802F1938101800F13D15 /* BIGCoreDataStack.h */,
				54D680301938101800F13D15 /* BIGCoreDataStack.m */,
				54D6800B19380F7500F13D15 /* BIGAppDelegate.h */,
				54D6800C19380F7500F13D15 /* BIGAppDelegate.m */,
				545F524519CE55F900CADDCA /* Images */,
				54D6800E19380F7500F13D15 /* Rope_Log.xcdatamodeld */,
				54D6803D19382E1600F13D15 /* BIGRopeListTableViewController.h */,
				54D6803E19382E1600F13D15 /* BIGRopeListTableViewController.m */,
				54D6803A193823CE00F13D15 /* BIGNewRopeViewController.h */,
				54D6803B193823CE00F13D15 /* BIGNewRopeViewController.m */,
				54D680321938172E00F13D15 /* BIGRopeList.h */,
				54D680331938172E00F13D15 /* BIGRopeList.m */,
				541EA8FC19402FA200CE6114 /* BIGRopeLogTableViewController.h */,
				541EA8FD19402FA200CE6114 /* BIGRopeLogTableViewController.m */,
				545ECCEB1960BF3C003288BC /* BIGLogDetailViewController.h */,
				545ECCEC1960BF3C003288BC /* BIGLogDetailViewController.m */,
				541EA8FF1945135700CE6114 /* BIGNewLogViewController.h */,
				541EA9001945135700CE6114 /* BIGNewLogViewController.m */,
				54D680351938172F00F13D15 /* BIGRopeLog.h */,
				54D680361938172F00F13D15 /* BIGRopeLog.m */,
				54D6800319380F7500F13D15 /* Supporting Files */,
				54D680381938226B00F13D15 /* MainStoryboard.storyboard */,
				549BDA0319624EF900C7A685 /* BIGNavigationController.h */,
				549BDA0419624EF900C7A685 /* BIGNavigationController.m */,
				549BDA091963995600C7A685 /* BIGLogCell.h */,
				549BDA0A1963995600C7A685 /* BIGLogCell.m */,
				545F529019CE57A300CADDCA /* Images-2.xcassets */,
			);
			path = "Rope Log";
			sourceTree = "<group>";
		};
		54D6800319380F7500F13D15 /* Supporting Files */ = {
			isa = PBXGroup;
			children = (
				54D6800419380F7500F13D15 /* Rope Log-Info.plist */,
				54D6800519380F7500F13D15 /* InfoPlist.strings */,
				54D6800819380F7500F13D15 /* main.m */,
				54D6800A19380F7500F13D15 /* Rope Log-Prefix.pch */,
			);
			name = "Supporting Files";
			sourceTree = "<group>";
		};
		54D6801F19380F7500F13D15 /* Rope LogTests */ = {
			isa = PBXGroup;
			children = (
				54D6802519380F7500F13D15 /* Rope_LogTests.m */,
				54D6802019380F7500F13D15 /* Supporting Files */,
			);
			path = "Rope LogTests";
			sourceTree = "<group>";
		};
		54D6802019380F7500F13D15 /* Supporting Files */ = {
			isa = PBXGroup;
			children = (
				54D6802119380F7500F13D15 /* Rope LogTests-Info.plist */,
				54D6802219380F7500F13D15 /* InfoPlist.strings */,
			);
			name = "Supporting Files";
			sourceTree = "<group>";
		};
/* End PBXGroup section */

/* Begin PBXNativeTarget section */
		54D67FF619380F7500F13D15 /* Rope Log */ = {
			isa = PBXNativeTarget;
			buildConfigurationList = 54D6802919380F7500F13D15 /* Build configuration list for PBXNativeTarget "Rope Log" */;
			buildPhases = (
				54D67FF319380F7500F13D15 /* Sources */,
				54D67FF419380F7500F13D15 /* Frameworks */,
				54D67FF519380F7500F13D15 /* Resources */,
			);
			buildRules = (
			);
			dependencies = (
			);
			name = "Rope Log";
			productName = "Rope Log";
			productReference = 54D67FF719380F7500F13D15 /* Rope Log.app */;
			productType = "com.apple.product-type.application";
		};
		54D6801619380F7500F13D15 /* Rope LogTests */ = {
			isa = PBXNativeTarget;
			buildConfigurationList = 54D6802C19380F7500F13D15 /* Build configuration list for PBXNativeTarget "Rope LogTests" */;
			buildPhases = (
				54D6801319380F7500F13D15 /* Sources */,
				54D6801419380F7500F13D15 /* Frameworks */,
				54D6801519380F7500F13D15 /* Resources */,
			);
			buildRules = (
			);
			dependencies = (
				54D6801E19380F7500F13D15 /* PBXTargetDependency */,
			);
			name = "Rope LogTests";
			productName = "Rope LogTests";
			productReference = 54D6801719380F7500F13D15 /* Rope LogTests.xctest */;
			productType = "com.apple.product-type.bundle.unit-test";
		};
/* End PBXNativeTarget section */

/* Begin PBXProject section */
		54D67FEF19380F7500F13D15 /* Project object */ = {
			isa = PBXProject;
			attributes = {
				CLASSPREFIX = BIG;
				LastUpgradeCheck = 0510;
				ORGANIZATIONNAME = "Big Chicken";
				TargetAttributes = {
					54D6801619380F7500F13D15 = {
						TestTargetID = 54D67FF619380F7500F13D15;
					};
				};
			};
			buildConfigurationList = 54D67FF219380F7500F13D15 /* Build configuration list for PBXProject "Rope Log" */;
			compatibilityVersion = "Xcode 3.2";
			developmentRegion = English;
			hasScannedForEncodings = 0;
			knownRegions = (
				en,
			);
			mainGroup = 54D67FEE19380F7500F13D15;
			productRefGroup = 54D67FF819380F7500F13D15 /* Products */;
			projectDirPath = "";
			projectRoot = "";
			targets = (
				54D67FF619380F7500F13D15 /* Rope Log */,
				54D6801619380F7500F13D15 /* Rope LogTests */,
			);
		};
/* End PBXProject section */

/* Begin PBXResourcesBuildPhase section */
		54D67FF519380F7500F13D15 /* Resources */ = {
			isa = PBXResourcesBuildPhase;
			buildActionMask = 2147483647;
			files = (
				545F528D19CE577300CADDCA /* Icon.png in Resources */,
				545F528219CE577300CADDCA /* Icon-72@2x.png in Resources */,
				545F528419CE577300CADDCA /* Icon-76@2x.png in Resources */,
				545F528919CE577300CADDCA /* Icon-Small-50@2x.png in Resources */,
				545F528519CE577300CADDCA /* Icon-Small-40.png in Resources */,
				545F528319CE577300CADDCA /* Icon-76.png in Resources */,
				54D680391938226B00F13D15 /* MainStoryboard.storyboard in Resources */,
				545F528619CE577300CADDCA /* Icon-Small-40@2x.png in Resources */,
				545F528019CE577300CADDCA /* Icon-60@3x.png in Resources */,
				545F529119CE57A300CADDCA /* Images-2.xcassets in Resources */,
				545F528A19CE577300CADDCA /* Icon-Small.png in Resources */,
				545F528C19CE577300CADDCA /* Icon-Small@3x.png in Resources */,
				545F528F19CE577300CADDCA /* iTunesArtwork@2x.png in Resources */,
				54D6800719380F7500F13D15 /* InfoPlist.strings in Resources */,
				545F528819CE577300CADDCA /* Icon-Small-50.png in Resources */,
				545F527E19CE577300CADDCA /* Icon-60.png in Resources */,
				545F527F19CE577300CADDCA /* Icon-60@2x.png in Resources */,
				545F528E19CE577300CADDCA /* Icon@2x.png in Resources */,
				545F528B19CE577300CADDCA /* Icon-Small@2x.png in Resources */,
				545F528719CE577300CADDCA /* Icon-Small-40@3x.png in Resources */,
				545F528119CE577300CADDCA /* Icon-72.png in Resources */,
			);
			runOnlyForDeploymentPostprocessing = 0;
		};
		54D6801519380F7500F13D15 /* Resources */ = {
			isa = PBXResourcesBuildPhase;
			buildActionMask = 2147483647;
			files = (
				54D6802419380F7500F13D15 /* InfoPlist.strings in Resources */,
			);
			runOnlyForDeploymentPostprocessing = 0;
		};
/* End PBXResourcesBuildPhase section */

/* Begin PBXSourcesBuildPhase section */
		54D67FF319380F7500F13D15 /* Sources */ = {
			isa = PBXSourcesBuildPhase;
			buildActionMask = 2147483647;
			files = (
				54D680311938101800F13D15 /* BIGCoreDataStack.m in Sources */,
				54D6800919380F7500F13D15 /* main.m in Sources */,
				545ECCED1960BF3C003288BC /* BIGLogDetailViewController.m in Sources */,
				54D680341938172E00F13D15 /* BIGRopeList.m in Sources */,
				541EA9011945135700CE6114 /* BIGNewLogViewController.m in Sources */,
				541EA8FE19402FA200CE6114 /* BIGRopeLogTableViewController.m in Sources */,
				549BDA0519624EF900C7A685 /* BIGNavigationController.m in Sources */,
				54D680371938172F00F13D15 /* BIGRopeLog.m in Sources */,
				54D6803F19382E1600F13D15 /* BIGRopeListTableViewController.m in Sources */,
				54D6800D19380F7500F13D15 /* BIGAppDelegate.m in Sources */,
				549BDA0B1963995600C7A685 /* BIGLogCell.m in Sources */,
				54D6803C193823CE00F13D15 /* BIGNewRopeViewController.m in Sources */,
				54D6801019380F7500F13D15 /* Rope_Log.xcdatamodeld in Sources */,
			);
			runOnlyForDeploymentPostprocessing = 0;
		};
		54D6801319380F7500F13D15 /* Sources */ = {
			isa = PBXSourcesBuildPhase;
			buildActionMask = 2147483647;
			files = (
				54D6802619380F7500F13D15 /* Rope_LogTests.m in Sources */,
			);
			runOnlyForDeploymentPostprocessing = 0;
		};
/* End PBXSourcesBuildPhase section */

/* Begin PBXTargetDependency section */
		54D6801E19380F7500F13D15 /* PBXTargetDependency */ = {
			isa = PBXTargetDependency;
			target = 54D67FF619380F7500F13D15 /* Rope Log */;
			targetProxy = 54D6801D19380F7500F13D15 /* PBXContainerItemProxy */;
		};
/* End PBXTargetDependency section */

/* Begin PBXVariantGroup section */
		54D6800519380F7500F13D15 /* InfoPlist.strings */ = {
			isa = PBXVariantGroup;
			children = (
				54D6800619380F7500F13D15 /* en */,
			);
			name = InfoPlist.strings;
			sourceTree = "<group>";
		};
		54D6802219380F7500F13D15 /* InfoPlist.strings */ = {
			isa = PBXVariantGroup;
			children = (
				54D6802319380F7500F13D15 /* en */,
			);
			name = InfoPlist.strings;
			sourceTree = "<group>";
		};
/* End PBXVariantGroup section */

/* Begin XCBuildConfiguration section */
		54D6802719380F7500F13D15 /* Debug */ = {
			isa = XCBuildConfiguration;
			buildSettings = {
				ALWAYS_SEARCH_USER_PATHS = NO;
				CLANG_CXX_LANGUAGE_STANDARD = "gnu++0x";
				CLANG_CXX_LIBRARY = "libc++";
				CLANG_ENABLE_MODULES = YES;
				CLANG_ENABLE_OBJC_ARC = YES;
				CLANG_WARN_BOOL_CONVERSION = YES;
				CLANG_WARN_CONSTANT_CONVERSION = YES;
				CLANG_WARN_DIRECT_OBJC_ISA_USAGE = YES_ERROR;
				CLANG_WARN_EMPTY_BODY = YES;
				CLANG_WARN_ENUM_CONVERSION = YES;
				CLANG_WARN_INT_CONVERSION = YES;
				CLANG_WARN_OBJC_ROOT_CLASS = YES_ERROR;
				CLANG_WARN__DUPLICATE_METHOD_MATCH = YES;
				"CODE_SIGN_IDENTITY[sdk=iphoneos*]" = "iPhone Developer";
				COPY_PHASE_STRIP = NO;
				GCC_C_LANGUAGE_STANDARD = gnu99;
				GCC_DYNAMIC_NO_PIC = NO;
				GCC_OPTIMIZATION_LEVEL = 0;
				GCC_PREPROCESSOR_DEFINITIONS = (
					"DEBUG=1",
					"$(inherited)",
				);
				GCC_SYMBOLS_PRIVATE_EXTERN = NO;
				GCC_WARN_64_TO_32_BIT_CONVERSION = YES;
				GCC_WARN_ABOUT_RETURN_TYPE = YES_ERROR;
				GCC_WARN_UNDECLARED_SELECTOR = YES;
				GCC_WARN_UNINITIALIZED_AUTOS = YES_AGGRESSIVE;
				GCC_WARN_UNUSED_FUNCTION = YES;
				GCC_WARN_UNUSED_VARIABLE = YES;
				IPHONEOS_DEPLOYMENT_TARGET = 7.1;
				ONLY_ACTIVE_ARCH = YES;
				SDKROOT = iphoneos;
			};
			name = Debug;
		};
		54D6802819380F7500F13D15 /* Release */ = {
			isa = XCBuildConfiguration;
			buildSettings = {
				ALWAYS_SEARCH_USER_PATHS = NO;
				CLANG_CXX_LANGUAGE_STANDARD = "gnu++0x";
				CLANG_CXX_LIBRARY = "libc++";
				CLANG_ENABLE_MODULES = YES;
				CLANG_ENABLE_OBJC_ARC = YES;
				CLANG_WARN_BOOL_CONVERSION = YES;
				CLANG_WARN_CONSTANT_CONVERSION = YES;
				CLANG_WARN_DIRECT_OBJC_ISA_USAGE = YES_ERROR;
				CLANG_WARN_EMPTY_BODY = YES;
				CLANG_WARN_ENUM_CONVERSION = YES;
				CLANG_WARN_INT_CONVERSION = YES;
				CLANG_WARN_OBJC_ROOT_CLASS = YES_ERROR;
				CLANG_WARN__DUPLICATE_METHOD_MATCH = YES;
				"CODE_SIGN_IDENTITY[sdk=iphoneos*]" = "iPhone Developer";
				COPY_PHASE_STRIP = YES;
				ENABLE_NS_ASSERTIONS = NO;
				GCC_C_LANGUAGE_STANDARD = gnu99;
				GCC_WARN_64_TO_32_BIT_CONVERSION = YES;
				GCC_WARN_ABOUT_RETURN_TYPE = YES_ERROR;
				GCC_WARN_UNDECLARED_SELECTOR = YES;
				GCC_WARN_UNINITIALIZED_AUTOS = YES_AGGRESSIVE;
				GCC_WARN_UNUSED_FUNCTION = YES;
				GCC_WARN_UNUSED_VARIABLE = YES;
				IPHONEOS_DEPLOYMENT_TARGET = 7.1;
				SDKROOT = iphoneos;
				VALIDATE_PRODUCT = YES;
			};
			name = Release;
		};
		54D6802A19380F7500F13D15 /* Debug */ = {
			isa = XCBuildConfiguration;
			buildSettings = {
				ASSETCATALOG_COMPILER_APPICON_NAME = AppIcon;
				ASSETCATALOG_COMPILER_LAUNCHIMAGE_NAME = LaunchImage;
				GCC_PRECOMPILE_PREFIX_HEADER = YES;
				GCC_PREFIX_HEADER = "Rope Log/Rope Log-Prefix.pch";
				INFOPLIST_FILE = "Rope Log/Rope Log-Info.plist";
				PRODUCT_NAME = "$(TARGET_NAME)";
				WRAPPER_EXTENSION = app;
			};
			name = Debug;
		};
		54D6802B19380F7500F13D15 /* Release */ = {
			isa = XCBuildConfiguration;
			buildSettings = {
				ASSETCATALOG_COMPILER_APPICON_NAME = AppIcon;
				ASSETCATALOG_COMPILER_LAUNCHIMAGE_NAME = LaunchImage;
				GCC_PRECOMPILE_PREFIX_HEADER = YES;
				GCC_PREFIX_HEADER = "Rope Log/Rope Log-Prefix.pch";
				INFOPLIST_FILE = "Rope Log/Rope Log-Info.plist";
				PRODUCT_NAME = "$(TARGET_NAME)";
				WRAPPER_EXTENSION = app;
			};
			name = Release;
		};
		54D6802D19380F7500F13D15 /* Debug */ = {
			isa = XCBuildConfiguration;
			buildSettings = {
				BUNDLE_LOADER = "$(BUILT_PRODUCTS_DIR)/Rope Log.app/Rope Log";
				FRAMEWORK_SEARCH_PATHS = (
					"$(SDKROOT)/Developer/Library/Frameworks",
					"$(inherited)",
					"$(DEVELOPER_FRAMEWORKS_DIR)",
				);
				GCC_PRECOMPILE_PREFIX_HEADER = YES;
				GCC_PREFIX_HEADER = "Rope Log/Rope Log-Prefix.pch";
				GCC_PREPROCESSOR_DEFINITIONS = (
					"DEBUG=1",
					"$(inherited)",
				);
				INFOPLIST_FILE = "Rope LogTests/Rope LogTests-Info.plist";
				PRODUCT_NAME = "$(TARGET_NAME)";
				TEST_HOST = "$(BUNDLE_LOADER)";
				WRAPPER_EXTENSION = xctest;
			};
			name = Debug;
		};
		54D6802E19380F7500F13D15 /* Release */ = {
			isa = XCBuildConfiguration;
			buildSettings = {
				BUNDLE_LOADER = "$(BUILT_PRODUCTS_DIR)/Rope Log.app/Rope Log";
				FRAMEWORK_SEARCH_PATHS = (
					"$(SDKROOT)/Developer/Library/Frameworks",
					"$(inherited)",
					"$(DEVELOPER_FRAMEWORKS_DIR)",
				);
				GCC_PRECOMPILE_PREFIX_HEADER = YES;
				GCC_PREFIX_HEADER = "Rope Log/Rope Log-Prefix.pch";
				INFOPLIST_FILE = "Rope LogTests/Rope LogTests-Info.plist";
				PRODUCT_NAME = "$(TARGET_NAME)";
				TEST_HOST = "$(BUNDLE_LOADER)";
				WRAPPER_EXTENSION = xctest;
			};
			name = Release;
		};
/* End XCBuildConfiguration section */

/* Begin XCConfigurationList section */
		54D67FF219380F7500F13D15 /* Build configuration list for PBXProject "Rope Log" */ = {
			isa = XCConfigurationList;
			buildConfigurations = (
				54D6802719380F7500F13D15 /* Debug */,
				54D6802819380F7500F13D15 /* Release */,
			);
			defaultConfigurationIsVisible = 0;
			defaultConfigurationName = Release;
		};
		54D6802919380F7500F13D15 /* Build configuration list for PBXNativeTarget "Rope Log" */ = {
			isa = XCConfigurationList;
			buildConfigurations = (
				54D6802A19380F7500F13D15 /* Debug */,
				54D6802B19380F7500F13D15 /* Release */,
			);
			defaultConfigurationIsVisible = 0;
			defaultConfigurationName = Release;
		};
		54D6802C19380F7500F13D15 /* Build configuration list for PBXNativeTarget "Rope LogTests" */ = {
			isa = XCConfigurationList;
			buildConfigurations = (
				54D6802D19380F7500F13D15 /* Debug */,
				54D6802E19380F7500F13D15 /* Release */,
			);
			defaultConfigurationIsVisible = 0;
			defaultConfigurationName = Release;
		};
/* End XCConfigurationList section */

/* Begin XCVersionGroup section */
		54D6800E19380F7500F13D15 /* Rope_Log.xcdatamodeld */ = {
			isa = XCVersionGroup;
			children = (
				77F4B037198EE20B00D3FA9B /* Rope_Log 2.xcdatamodel */,
				54D6800F19380F7500F13D15 /* Rope_Log.xcdatamodel */,
			);
			currentVersion = 77F4B037198EE20B00D3FA9B /* Rope_Log 2.xcdatamodel */;
			path = Rope_Log.xcdatamodeld;
			sourceTree = "<group>";
			versionGroupType = wrapper.xcdatamodel;
		};
/* End XCVersionGroup section */
	};
	rootObject = 54D67FEF19380F7500F13D15 /* Project object */;
}
